// !$*UTF8*$!
{
	archiveVersion = 1;
	classes = {
	};
	objectVersion = 48;
	objects = {

/* Begin PBXBuildFile section */
		A856A0EC1FF1E23100EC4B84 /* Launch Screen.storyboard in Resources */ = {isa = PBXBuildFile; fileRef = A856A0EB1FF1E23100EC4B84 /* Launch Screen.storyboard */; };
		A856A1321FF1F2AC00EC4B84 /* 1.JPG in Resources */ = {isa = PBXBuildFile; fileRef = A856A1311FF1F2AC00EC4B84 /* 1.JPG */; };
		A85B65591FECDB1100F7A269 /* AppDelegate.m in Sources */ = {isa = PBXBuildFile; fileRef = A85B65581FECDB1100F7A269 /* AppDelegate.m */; };
		A85B655C1FECDB1100F7A269 /* ViewController.m in Sources */ = {isa = PBXBuildFile; fileRef = A85B655B1FECDB1100F7A269 /* ViewController.m */; };
		A85B655F1FECDB1100F7A269 /* Main.storyboard in Resources */ = {isa = PBXBuildFile; fileRef = A85B655D1FECDB1100F7A269 /* Main.storyboard */; };
		A85B65611FECDB1100F7A269 /* Assets.xcassets in Resources */ = {isa = PBXBuildFile; fileRef = A85B65601FECDB1100F7A269 /* Assets.xcassets */; };
		A85B65671FECDB1100F7A269 /* main.m in Sources */ = {isa = PBXBuildFile; fileRef = A85B65661FECDB1100F7A269 /* main.m */; };
		A85B65721FECDB2800F7A269 /* TFTPServer.m in Sources */ = {isa = PBXBuildFile; fileRef = A85B656F1FECDB2800F7A269 /* TFTPServer.m */; };
		A85B65761FECE58B00F7A269 /* TFTPClient.m in Sources */ = {isa = PBXBuildFile; fileRef = A85B65751FECE58B00F7A269 /* TFTPClient.m */; };
		A85B657B1FECE8D000F7A269 /* ClientViewController.m in Sources */ = {isa = PBXBuildFile; fileRef = A85B65791FECE8D000F7A269 /* ClientViewController.m */; };
		A85B657C1FECE8D000F7A269 /* ClientViewController.xib in Resources */ = {isa = PBXBuildFile; fileRef = A85B657A1FECE8D000F7A269 /* ClientViewController.xib */; };
		A85B65801FECE8DE00F7A269 /* ServerViewController.m in Sources */ = {isa = PBXBuildFile; fileRef = A85B657E1FECE8DE00F7A269 /* ServerViewController.m */; };
		A85B65811FECE8DE00F7A269 /* ServerViewController.xib in Resources */ = {isa = PBXBuildFile; fileRef = A85B657F1FECE8DE00F7A269 /* ServerViewController.xib */; };
		A85B65841FED042A00F7A269 /* ShowViewController.m in Sources */ = {isa = PBXBuildFile; fileRef = A85B65831FED042A00F7A269 /* ShowViewController.m */; };
/* End PBXBuildFile section */

/* Begin PBXFileReference section */
		A856A0EB1FF1E23100EC4B84 /* Launch Screen.storyboard */ = {isa = PBXFileReference; lastKnownFileType = file.storyboard; path = "Launch Screen.storyboard"; sourceTree = "<group>"; };
		A856A1311FF1F2AC00EC4B84 /* 1.JPG */ = {isa = PBXFileReference; lastKnownFileType = image.jpeg; path = 1.JPG; sourceTree = "<group>"; };
		A85B65541FECDB1100F7A269 /* TFTP_Demo.app */ = {isa = PBXFileReference; explicitFileType = wrapper.application; includeInIndex = 0; path = TFTP_Demo.app; sourceTree = BUILT_PRODUCTS_DIR; };
		A85B65571FECDB1100F7A269 /* AppDelegate.h */ = {isa = PBXFileReference; lastKnownFileType = sourcecode.c.h; path = AppDelegate.h; sourceTree = "<group>"; };
		A85B65581FECDB1100F7A269 /* AppDelegate.m */ = {isa = PBXFileReference; lastKnownFileType = sourcecode.c.objc; path = AppDelegate.m; sourceTree = "<group>"; };
		A85B655A1FECDB1100F7A269 /* ViewController.h */ = {isa = PBXFileReference; lastKnownFileType = sourcecode.c.h; path = ViewController.h; sourceTree = "<group>"; };
		A85B655B1FECDB1100F7A269 /* ViewController.m */ = {isa = PBXFileReference; lastKnownFileType = sourcecode.c.objc; path = ViewController.m; sourceTree = "<group>"; };
		A85B655E1FECDB1100F7A269 /* Base */ = {isa = PBXFileReference; lastKnownFileType = file.storyboard; name = Base; path = Base.lproj/Main.storyboard; sourceTree = "<group>"; };
		A85B65601FECDB1100F7A269 /* Assets.xcassets */ = {isa = PBXFileReference; lastKnownFileType = folder.assetcatalog; path = Assets.xcassets; sourceTree = "<group>"; };
		A85B65651FECDB1100F7A269 /* Info.plist */ = {isa = PBXFileReference; lastKnownFileType = text.plist.xml; path = Info.plist; sourceTree = "<group>"; };
		A85B65661FECDB1100F7A269 /* main.m */ = {isa = PBXFileReference; lastKnownFileType = sourcecode.c.objc; path = main.m; sourceTree = "<group>"; };
		A85B656D1FECDB2800F7A269 /* TFTPServer.h */ = {isa = PBXFileReference; fileEncoding = 4; lastKnownFileType = sourcecode.c.h; path = TFTPServer.h; sourceTree = "<group>"; };
		A85B656F1FECDB2800F7A269 /* TFTPServer.m */ = {isa = PBXFileReference; fileEncoding = 4; lastKnownFileType = sourcecode.c.objc; path = TFTPServer.m; sourceTree = "<group>"; };
		A85B65741FECE58B00F7A269 /* TFTPClient.h */ = {isa = PBXFileReference; lastKnownFileType = sourcecode.c.h; path = TFTPClient.h; sourceTree = "<group>"; };
		A85B65751FECE58B00F7A269 /* TFTPClient.m */ = {isa = PBXFileReference; lastKnownFileType = sourcecode.c.objc; path = TFTPClient.m; sourceTree = "<group>"; };
		A85B65781FECE8D000F7A269 /* ClientViewController.h */ = {isa = PBXFileReference; lastKnownFileType = sourcecode.c.h; path = ClientViewController.h; sourceTree = "<group>"; };
		A85B65791FECE8D000F7A269 /* ClientViewController.m */ = {isa = PBXFileReference; lastKnownFileType = sourcecode.c.objc; path = ClientViewController.m; sourceTree = "<group>"; };
		A85B657A1FECE8D000F7A269 /* ClientViewController.xib */ = {isa = PBXFileReference; lastKnownFileType = file.xib; path = ClientViewController.xib; sourceTree = "<group>"; };
		A85B657D1FECE8DE00F7A269 /* ServerViewController.h */ = {isa = PBXFileReference; lastKnownFileType = sourcecode.c.h; path = ServerViewController.h; sourceTree = "<group>"; };
		A85B657E1FECE8DE00F7A269 /* ServerViewController.m */ = {isa = PBXFileReference; lastKnownFileType = sourcecode.c.objc; path = ServerViewController.m; sourceTree = "<group>"; };
		A85B657F1FECE8DE00F7A269 /* ServerViewController.xib */ = {isa = PBXFileReference; lastKnownFileType = file.xib; path = ServerViewController.xib; sourceTree = "<group>"; };
		A85B65821FED042A00F7A269 /* ShowViewController.h */ = {isa = PBXFileReference; lastKnownFileType = sourcecode.c.h; path = ShowViewController.h; sourceTree = "<group>"; };
		A85B65831FED042A00F7A269 /* ShowViewController.m */ = {isa = PBXFileReference; lastKnownFileType = sourcecode.c.objc; path = ShowViewController.m; sourceTree = "<group>"; };
/* End PBXFileReference section */

/* Begin PBXFrameworksBuildPhase section */
		A85B65511FECDB1100F7A269 /* Frameworks */ = {
			isa = PBXFrameworksBuildPhase;
			buildActionMask = 2147483647;
			files = (
			);
			runOnlyForDeploymentPostprocessing = 0;
		};
/* End PBXFrameworksBuildPhase section */

/* Begin PBXGroup section */
		A85B654B1FECDB1100F7A269 = {
			isa = PBXGroup;
			children = (
				A85B65561FECDB1100F7A269 /* TFTP_Demo */,
				A85B65551FECDB1100F7A269 /* Products */,
			);
			sourceTree = "<group>";
		};
		A85B65551FECDB1100F7A269 /* Products */ = {
			isa = PBXGroup;
			children = (
				A85B65541FECDB1100F7A269 /* TFTP_Demo.app */,
			);
			name = Products;
			sourceTree = "<group>";
		};
		A85B65561FECDB1100F7A269 /* TFTP_Demo */ = {
			isa = PBXGroup;
			children = (
				A85B65771FECE59400F7A269 /* TFTP */,
				A85B65571FECDB1100F7A269 /* AppDelegate.h */,
				A85B65581FECDB1100F7A269 /* AppDelegate.m */,
				A85B655A1FECDB1100F7A269 /* ViewController.h */,
				A85B655B1FECDB1100F7A269 /* ViewController.m */,
				A85B655D1FECDB1100F7A269 /* Main.storyboard */,
				A85B65781FECE8D000F7A269 /* ClientViewController.h */,
				A85B65791FECE8D000F7A269 /* ClientViewController.m */,
				A85B657A1FECE8D000F7A269 /* ClientViewController.xib */,
				A85B657D1FECE8DE00F7A269 /* ServerViewController.h */,
				A85B657E1FECE8DE00F7A269 /* ServerViewController.m */,
				A85B657F1FECE8DE00F7A269 /* ServerViewController.xib */,
				A85B65821FED042A00F7A269 /* ShowViewController.h */,
				A85B65831FED042A00F7A269 /* ShowViewController.m */,
				A856A1311FF1F2AC00EC4B84 /* 1.JPG */,
				A85B65601FECDB1100F7A269 /* Assets.xcassets */,
				A856A0EB1FF1E23100EC4B84 /* Launch Screen.storyboard */,
				A85B65651FECDB1100F7A269 /* Info.plist */,
				A85B65661FECDB1100F7A269 /* main.m */,
			);
			path = TFTP_Demo;
			sourceTree = "<group>";
		};
		A85B65771FECE59400F7A269 /* TFTP */ = {
			isa = PBXGroup;
			children = (
				A85B656D1FECDB2800F7A269 /* TFTPServer.h */,
				A85B656F1FECDB2800F7A269 /* TFTPServer.m */,
				A85B65741FECE58B00F7A269 /* TFTPClient.h */,
				A85B65751FECE58B00F7A269 /* TFTPClient.m */,
			);
			path = TFTP;
			sourceTree = "<group>";
		};
/* End PBXGroup section */

/* Begin PBXNativeTarget section */
		A85B65531FECDB1100F7A269 /* TFTP_Demo */ = {
			isa = PBXNativeTarget;
			buildConfigurationList = A85B656A1FECDB1100F7A269 /* Build configuration list for PBXNativeTarget "TFTP_Demo" */;
			buildPhases = (
				A85B65501FECDB1100F7A269 /* Sources */,
				A85B65511FECDB1100F7A269 /* Frameworks */,
				A85B65521FECDB1100F7A269 /* Resources */,
			);
			buildRules = (
			);
			dependencies = (
			);
			name = TFTP_Demo;
			productName = TFTP_Demo;
			productReference = A85B65541FECDB1100F7A269 /* TFTP_Demo.app */;
			productType = "com.apple.product-type.application";
		};
/* End PBXNativeTarget section */

/* Begin PBXProject section */
		A85B654C1FECDB1100F7A269 /* Project object */ = {
			isa = PBXProject;
			attributes = {
				LastUpgradeCheck = 0920;
				ORGANIZATIONNAME = "刘超";
				TargetAttributes = {
					A85B65531FECDB1100F7A269 = {
						CreatedOnToolsVersion = 9.2;
						ProvisioningStyle = Automatic;
					};
				};
			};
			buildConfigurationList = A85B654F1FECDB1100F7A269 /* Build configuration list for PBXProject "TFTP_Demo" */;
			compatibilityVersion = "Xcode 8.0";
			developmentRegion = en;
			hasScannedForEncodings = 0;
			knownRegions = (
				en,
				Base,
			);
			mainGroup = A85B654B1FECDB1100F7A269;
			productRefGroup = A85B65551FECDB1100F7A269 /* Products */;
			projectDirPath = "";
			projectRoot = "";
			targets = (
				A85B65531FECDB1100F7A269 /* TFTP_Demo */,
			);
		};
/* End PBXProject section */

/* Begin PBXResourcesBuildPhase section */
		A85B65521FECDB1100F7A269 /* Resources */ = {
			isa = PBXResourcesBuildPhase;
			buildActionMask = 2147483647;
			files = (
				A856A0EC1FF1E23100EC4B84 /* Launch Screen.storyboard in Resources */,
				A85B65611FECDB1100F7A269 /* Assets.xcassets in Resources */,
				A85B655F1FECDB1100F7A269 /* Main.storyboard in Resources */,
				A856A1321FF1F2AC00EC4B84 /* 1.JPG in Resources */,
				A85B65811FECE8DE00F7A269 /* ServerViewController.xib in Resources */,
				A85B657C1FECE8D000F7A269 /* ClientViewController.xib in Resources */,
			);
			runOnlyForDeploymentPostprocessing = 0;
		};
/* End PBXResourcesBuildPhase section */

/* Begin PBXSourcesBuildPhase section */
		A85B65501FECDB1100F7A269 /* Sources */ = {
			isa = PBXSourcesBuildPhase;
			buildActionMask = 2147483647;
			files = (
				A85B655C1FECDB1100F7A269 /* ViewController.m in Sources */,
				A85B65671FECDB1100F7A269 /* main.m in Sources */,
				A85B65761FECE58B00F7A269 /* TFTPClient.m in Sources */,
				A85B65721FECDB2800F7A269 /* TFTPServer.m in Sources */,
				A85B65591FECDB1100F7A269 /* AppDelegate.m in Sources */,
				A85B657B1FECE8D000F7A269 /* ClientViewController.m in Sources */,
				A85B65801FECE8DE00F7A269 /* ServerViewController.m in Sources */,
				A85B65841FED042A00F7A269 /* ShowViewController.m in Sources */,
			);
			runOnlyForDeploymentPostprocessing = 0;
		};
/* End PBXSourcesBuildPhase section */

/* Begin PBXVariantGroup section */
		A85B655D1FECDB1100F7A269 /* Main.storyboard */ = {
			isa = PBXVariantGroup;
			children = (
				A85B655E1FECDB1100F7A269 /* Base */,
			);
			name = Main.storyboard;
			sourceTree = "<group>";
		};
/* End PBXVariantGroup section */

/* Begin XCBuildConfiguration section */
		A85B65681FECDB1100F7A269 /* Debug */ = {
			isa = XCBuildConfiguration;
			buildSettings = {
				ALWAYS_SEARCH_USER_PATHS = NO;
				CLANG_ANALYZER_NONNULL = YES;
				CLANG_ANALYZER_NUMBER_OBJECT_CONVERSION = YES_AGGRESSIVE;
				CLANG_CXX_LANGUAGE_STANDARD = "gnu++14";
				CLANG_CXX_LIBRARY = "libc++";
				CLANG_ENABLE_MODULES = YES;
				CLANG_ENABLE_OBJC_ARC = YES;
				CLANG_WARN_BLOCK_CAPTURE_AUTORELEASING = YES;
				CLANG_WARN_BOOL_CONVERSION = YES;
				CLANG_WARN_COMMA = YES;
				CLANG_WARN_CONSTANT_CONVERSION = YES;
				CLANG_WARN_DIRECT_OBJC_ISA_USAGE = YES_ERROR;
				CLANG_WARN_DOCUMENTATION_COMMENTS = YES;
				CLANG_WARN_EMPTY_BODY = YES;
				CLANG_WARN_ENUM_CONVERSION = YES;
				CLANG_WARN_INFINITE_RECURSION = YES;
				CLANG_WARN_INT_CONVERSION = YES;
				CLANG_WARN_NON_LITERAL_NULL_CONVERSION = YES;
				CLANG_WARN_OBJC_LITERAL_CONVERSION = YES;
				CLANG_WARN_OBJC_ROOT_CLASS = YES_ERROR;
				CLANG_WARN_RANGE_LOOP_ANALYSIS = YES;
				CLANG_WARN_STRICT_PROTOTYPES = YES;
				CLANG_WARN_SUSPICIOUS_MOVE = YES;
				CLANG_WARN_UNGUARDED_AVAILABILITY = YES_AGGRESSIVE;
				CLANG_WARN_UNREACHABLE_CODE = YES;
				CLANG_WARN__DUPLICATE_METHOD_MATCH = YES;
				CODE_SIGN_IDENTITY = "iPhone Developer";
				COPY_PHASE_STRIP = NO;
				DEBUG_INFORMATION_FORMAT = dwarf;
				ENABLE_STRICT_OBJC_MSGSEND = YES;
				ENABLE_TESTABILITY = YES;
				GCC_C_LANGUAGE_STANDARD = gnu11;
				GCC_DYNAMIC_NO_PIC = NO;
				GCC_NO_COMMON_BLOCKS = YES;
				GCC_OPTIMIZATION_LEVEL = 0;
				GCC_PREPROCESSOR_DEFINITIONS = (
					"DEBUG=1",
					"$(inherited)",
				);
				GCC_WARN_64_TO_32_BIT_CONVERSION = YES;
				GCC_WARN_ABOUT_RETURN_TYPE = YES_ERROR;
				GCC_WARN_UNDECLARED_SELECTOR = YES;
				GCC_WARN_UNINITIALIZED_AUTOS = YES_AGGRESSIVE;
				GCC_WARN_UNUSED_FUNCTION = YES;
				GCC_WARN_UNUSED_VARIABLE = YES;
				IPHONEOS_DEPLOYMENT_TARGET = 8.0;
				MTL_ENABLE_DEBUG_INFO = YES;
				ONLY_ACTIVE_ARCH = YES;
				SDKROOT = iphoneos;
			};
			name = Debug;
		};
		A85B65691FECDB1100F7A269 /* Release */ = {
			isa = XCBuildConfiguration;
			buildSettings = {
				ALWAYS_SEARCH_USER_PATHS = NO;
				CLANG_ANALYZER_NONNULL = YES;
				CLANG_ANALYZER_NUMBER_OBJECT_CONVERSION = YES_AGGRESSIVE;
				CLANG_CXX_LANGUAGE_STANDARD = "gnu++14";
				CLANG_CXX_LIBRARY = "libc++";
				CLANG_ENABLE_MODULES = YES;
				CLANG_ENABLE_OBJC_ARC = YES;
				CLANG_WARN_BLOCK_CAPTURE_AUTORELEASING = YES;
				CLANG_WARN_BOOL_CONVERSION = YES;
				CLANG_WARN_COMMA = YES;
				CLANG_WARN_CONSTANT_CONVERSION = YES;
				CLANG_WARN_DIRECT_OBJC_ISA_USAGE = YES_ERROR;
				CLANG_WARN_DOCUMENTATION_COMMENTS = YES;
				CLANG_WARN_EMPTY_BODY = YES;
				CLANG_WARN_ENUM_CONVERSION = YES;
				CLANG_WARN_INFINITE_RECURSION = YES;
				CLANG_WARN_INT_CONVERSION = YES;
				CLANG_WARN_NON_LITERAL_NULL_CONVERSION = YES;
				CLANG_WARN_OBJC_LITERAL_CONVERSION = YES;
				CLANG_WARN_OBJC_ROOT_CLASS = YES_ERROR;
				CLANG_WARN_RANGE_LOOP_ANALYSIS = YES;
				CLANG_WARN_STRICT_PROTOTYPES = YES;
				CLANG_WARN_SUSPICIOUS_MOVE = YES;
				CLANG_WARN_UNGUARDED_AVAILABILITY = YES_AGGRESSIVE;
				CLANG_WARN_UNREACHABLE_CODE = YES;
				CLANG_WARN__DUPLICATE_METHOD_MATCH = YES;
				CODE_SIGN_IDENTITY = "iPhone Developer";
				COPY_PHASE_STRIP = NO;
				DEBUG_INFORMATION_FORMAT = "dwarf-with-dsym";
				ENABLE_NS_ASSERTIONS = NO;
				ENABLE_STRICT_OBJC_MSGSEND = YES;
				GCC_C_LANGUAGE_STANDARD = gnu11;
				GCC_NO_COMMON_BLOCKS = YES;
				GCC_WARN_64_TO_32_BIT_CONVERSION = YES;
				GCC_WARN_ABOUT_RETURN_TYPE = YES_ERROR;
				GCC_WARN_UNDECLARED_SELECTOR = YES;
				GCC_WARN_UNINITIALIZED_AUTOS = YES_AGGRESSIVE;
				GCC_WARN_UNUSED_FUNCTION = YES;
				GCC_WARN_UNUSED_VARIABLE = YES;
				IPHONEOS_DEPLOYMENT_TARGET = 8.0;
				MTL_ENABLE_DEBUG_INFO = NO;
				SDKROOT = iphoneos;
				VALIDATE_PRODUCT = YES;
			};
			name = Release;
		};
		A85B656B1FECDB1100F7A269 /* Debug */ = {
			isa = XCBuildConfiguration;
			buildSettings = {
				ASSETCATALOG_COMPILER_APPICON_NAME = AppIcon;
				CODE_SIGN_STYLE = Automatic;
				DEVELOPMENT_TEAM = 5V8GL476C8;
				INFOPLIST_FILE = TFTP_Demo/Info.plist;
				LD_RUNPATH_SEARCH_PATHS = "$(inherited) @executable_path/Frameworks";
				PRODUCT_BUNDLE_IDENTIFIER = com.ogemray.EGSOS;
				PRODUCT_NAME = "$(TARGET_NAME)";
				TARGETED_DEVICE_FAMILY = "1,2";
			};
			name = Debug;
		};
		A85B656C1FECDB1100F7A269 /* Release */ = {
			isa = XCBuildConfiguration;
			buildSettings = {
				ASSETCATALOG_COMPILER_APPICON_NAME = AppIcon;
				CODE_SIGN_STYLE = Automatic;
				DEVELOPMENT_TEAM = 5V8GL476C8;
				INFOPLIST_FILE = TFTP_Demo/Info.plist;
				LD_RUNPATH_SEARCH_PATHS = "$(inherited) @executable_path/Frameworks";
				PRODUCT_BUNDLE_IDENTIFIER = com.ogemray.EGSOS;
				PRODUCT_NAME = "$(TARGET_NAME)";
				TARGETED_DEVICE_FAMILY = "1,2";
			};
			name = Release;
		};
/* End XCBuildConfiguration section */

/* Begin XCConfigurationList section */
		A85B654F1FECDB1100F7A269 /* Build configuration list for PBXProject "TFTP_Demo" */ = {
			isa = XCConfigurationList;
			buildConfigurations = (
				A85B65681FECDB1100F7A269 /* Debug */,
				A85B65691FECDB1100F7A269 /* Release */,
			);
			defaultConfigurationIsVisible = 0;
			defaultConfigurationName = Release;
		};
		A85B656A1FECDB1100F7A269 /* Build configuration list for PBXNativeTarget "TFTP_Demo" */ = {
			isa = XCConfigurationList;
			buildConfigurations = (
				A85B656B1FECDB1100F7A269 /* Debug */,
				A85B656C1FECDB1100F7A269 /* Release */,
			);
			defaultConfigurationIsVisible = 0;
			defaultConfigurationName = Release;
		};
/* End XCConfigurationList section */
	};
	rootObject = A85B654C1FECDB1100F7A269 /* Project object */;
}
